Microsoft Visual Studio Solution File, Format Version 12.00
# Visual Studio Version 17
VisualStudioVersion = 17.5.2.0
MinimumVisualStudioVersion = 10.0.40219.1
Project("{FAE04EC0-301F-11D3-BF4B-00C04F79EFBC}") = "InkWell.Auth", "InkWell.Auth.csproj", "{82D6D4AF-416F-87E7-C5EC-5F5EADEAB23F}"
EndProject
Global
	GlobalSection(SolutionConfigurationPlatforms) = preSolution
		Debug|Any CPU = Debug|Any CPU
		Release|Any CPU = Release|Any CPU
	EndGlobalSection
	GlobalSection(ProjectConfigurationPlatforms) = postSolution
		{82D6D4AF-416F-87E7-C5EC-5F5EADEAB23F}.Debug|Any CPU.ActiveCfg = Debug|Any CPU
		{82D6D4AF-416F-87E7-C5EC-5F5EADEAB23F}.Debug|Any CPU.Build.0 = Debug|Any CPU
		{82D6D4AF-416F-87E7-C5EC-5F5EADEAB23F}.Release|Any CPU.ActiveCfg = Release|Any CPU
		{82D6D4AF-416F-87E7-C5EC-5F5EADEAB23F}.Release|Any CPU.Build.0 = Release|Any CPU
	EndGlobalSection
	GlobalSection(SolutionProperties) = preSolution
		HideSolutionNode = FALSE
	EndGlobalSection
	GlobalSection(ExtensibilityGlobals) = postSolution
		SolutionGuid = {0188EEE3-643C-454B-8AA4-769A1C11E76D}
	EndGlobalSection
EndGlobal
