Microsoft Visual Studio Solution File, Format Version 12.00
# Visual Studio Version 17
VisualStudioVersion = 17.5.2.0
MinimumVisualStudioVersion = 10.0.40219.1
Project("{2150E333-8FDC-42A3-9474-1A3956D46DE8}") = "notification-service", "notification-service", "{D4CFF5E1-BA47-08FE-F45C-A59D81FF1F65}"
EndProject
Project("{FAE04EC0-301F-11D3-BF4B-00C04F79EFBC}") = "InkWell.Notification", "notification-service\InkWell.Notification.csproj", "{D35B900F-471D-C067-4731-84E1A63DDFB2}"
EndProject
Global
	GlobalSection(SolutionConfigurationPlatforms) = preSolution
		Debug|Any CPU = Debug|Any CPU
		Release|Any CPU = Release|Any CPU
	EndGlobalSection
	GlobalSection(ProjectConfigurationPlatforms) = postSolution
		{D35B900F-471D-C067-4731-84E1A63DDFB2}.Debug|Any CPU.ActiveCfg = Debug|Any CPU
		{D35B900F-471D-C067-4731-84E1A63DDFB2}.Debug|Any CPU.Build.0 = Debug|Any CPU
		{D35B900F-471D-C067-4731-84E1A63DDFB2}.Release|Any CPU.ActiveCfg = Release|Any CPU
		{D35B900F-471D-C067-4731-84E1A63DDFB2}.Release|Any CPU.Build.0 = Release|Any CPU
	EndGlobalSection
	GlobalSection(SolutionProperties) = preSolution
		HideSolutionNode = FALSE
	EndGlobalSection
	GlobalSection(NestedProjects) = preSolution
		{D35B900F-471D-C067-4731-84E1A63DDFB2} = {D4CFF5E1-BA47-08FE-F45C-A59D81FF1F65}
	EndGlobalSection
	GlobalSection(ExtensibilityGlobals) = postSolution
		SolutionGuid = {D143E5CA-CA5E-4AAB-BB2F-37C972814D47}
	EndGlobalSection
EndGlobal
